// !$*UTF8*$!
{
	archiveVersion = 1;
	classes = {
	};
	objectVersion = 48;
	objects = {

/* Begin PBXBuildFile section */
		67972351CC33C265C5DCE151 /* Pods_TV_Triage.framework in Frameworks */ = {isa = PBXBuildFile; fileRef = E90535F936CB8F47FE7D5B2D /* Pods_TV_Triage.framework */; };
		821D16D42016AA3A009EACBF /* WebRequest1.swift in Sources */ = {isa = PBXBuildFile; fileRef = 821D16D32016AA3A009EACBF /* WebRequest1.swift */; };
		8231FAC72013E01D005687E9 /* AppDelegate.swift in Sources */ = {isa = PBXBuildFile; fileRef = 8231FAC62013E01D005687E9 /* AppDelegate.swift */; };
		8231FAC92013E01D005687E9 /* ViewController.swift in Sources */ = {isa = PBXBuildFile; fileRef = 8231FAC82013E01D005687E9 /* ViewController.swift */; };
		8231FACC2013E01D005687E9 /* Main.storyboard in Resources */ = {isa = PBXBuildFile; fileRef = 8231FACA2013E01D005687E9 /* Main.storyboard */; };
		8231FAD12013E01D005687E9 /* LaunchScreen.storyboard in Resources */ = {isa = PBXBuildFile; fileRef = 8231FACF2013E01D005687E9 /* LaunchScreen.storyboard */; };
		82588642201AB4C70095A4A8 /* Assets.xcassets in Resources */ = {isa = PBXBuildFile; fileRef = 82588641201AB4C70095A4A8 /* Assets.xcassets */; };
		82588645201AC7770095A4A8 /* SearchField.swift in Sources */ = {isa = PBXBuildFile; fileRef = 82588644201AC7770095A4A8 /* SearchField.swift */; };
		82588647201AC84B0095A4A8 /* TV.swift in Sources */ = {isa = PBXBuildFile; fileRef = 82588646201AC84B0095A4A8 /* TV.swift */; };
		82F73B7620228D660088A2A0 /* Model.xcdatamodeld in Sources */ = {isa = PBXBuildFile; fileRef = 82F73B7420228D660088A2A0 /* Model.xcdatamodeld */; };
/* End PBXBuildFile section */

/* Begin PBXFileReference section */
		68BCF0F90BF95005F99501B8 /* Pods-TV Triage.release.xcconfig */ = {isa = PBXFileReference; includeInIndex = 1; lastKnownFileType = text.xcconfig; name = "Pods-TV Triage.release.xcconfig"; path = "Pods/Target Support Files/Pods-TV Triage/Pods-TV Triage.release.xcconfig"; sourceTree = "<group>"; };
		821D16D32016AA3A009EACBF /* WebRequest1.swift */ = {isa = PBXFileReference; lastKnownFileType = sourcecode.swift; path = WebRequest1.swift; sourceTree = "<group>"; };
		8231FAC32013E01D005687E9 /* TV Triage.app */ = {isa = PBXFileReference; explicitFileType = wrapper.application; includeInIndex = 0; path = "TV Triage.app"; sourceTree = BUILT_PRODUCTS_DIR; };
		8231FAC62013E01D005687E9 /* AppDelegate.swift */ = {isa = PBXFileReference; lastKnownFileType = sourcecode.swift; path = AppDelegate.swift; sourceTree = "<group>"; };
		8231FAC82013E01D005687E9 /* ViewController.swift */ = {isa = PBXFileReference; lastKnownFileType = sourcecode.swift; path = ViewController.swift; sourceTree = "<group>"; };
		8231FACB2013E01D005687E9 /* Base */ = {isa = PBXFileReference; lastKnownFileType = file.storyboard; name = Base; path = Base.lproj/Main.storyboard; sourceTree = "<group>"; };
		8231FAD02013E01D005687E9 /* Base */ = {isa = PBXFileReference; lastKnownFileType = file.storyboard; name = Base; path = Base.lproj/LaunchScreen.storyboard; sourceTree = "<group>"; };
		8231FAD22013E01D005687E9 /* Info.plist */ = {isa = PBXFileReference; lastKnownFileType = text.plist.xml; path = Info.plist; sourceTree = "<group>"; };
		82588641201AB4C70095A4A8 /* Assets.xcassets */ = {isa = PBXFileReference; lastKnownFileType = folder.assetcatalog; path = Assets.xcassets; sourceTree = "<group>"; };
		82588644201AC7770095A4A8 /* SearchField.swift */ = {isa = PBXFileReference; lastKnownFileType = sourcecode.swift; path = SearchField.swift; sourceTree = "<group>"; };
		82588646201AC84B0095A4A8 /* TV.swift */ = {isa = PBXFileReference; lastKnownFileType = sourcecode.swift; path = TV.swift; sourceTree = "<group>"; };
		82F73B7520228D660088A2A0 /* Model.xcdatamodel */ = {isa = PBXFileReference; lastKnownFileType = wrapper.xcdatamodel; path = Model.xcdatamodel; sourceTree = "<group>"; };
		BAE44698B90AEC0C926EE4C1 /* Pods-TV Triage.debug.xcconfig */ = {isa = PBXFileReference; includeInIndex = 1; lastKnownFileType = text.xcconfig; name = "Pods-TV Triage.debug.xcconfig"; path = "Pods/Target Support Files/Pods-TV Triage/Pods-TV Triage.debug.xcconfig"; sourceTree = "<group>"; };
		E90535F936CB8F47FE7D5B2D /* Pods_TV_Triage.framework */ = {isa = PBXFileReference; explicitFileType = wrapper.framework; includeInIndex = 0; path = Pods_TV_Triage.framework; sourceTree = BUILT_PRODUCTS_DIR; };
/* End PBXFileReference section */

/* Begin PBXFrameworksBuildPhase section */
		8231FAC02013E01D005687E9 /* Frameworks */ = {
			isa = PBXFrameworksBuildPhase;
			buildActionMask = 2147483647;
			files = (
				67972351CC33C265C5DCE151 /* Pods_TV_Triage.framework in Frameworks */,
			);
			runOnlyForDeploymentPostprocessing = 0;
		};
/* End PBXFrameworksBuildPhase section */

/* Begin PBXGroup section */
		3EC0B3454176264F23575993 /* Pods */ = {
			isa = PBXGroup;
			children = (
				BAE44698B90AEC0C926EE4C1 /* Pods-TV Triage.debug.xcconfig */,
				68BCF0F90BF95005F99501B8 /* Pods-TV Triage.release.xcconfig */,
			);
			name = Pods;
			sourceTree = "<group>";
		};
		821D16D22016AA0C009EACBF /* Services */ = {
			isa = PBXGroup;
			children = (
				821D16D32016AA3A009EACBF /* WebRequest1.swift */,
			);
			path = Services;
			sourceTree = "<group>";
		};
		8231FABA2013E01D005687E9 = {
			isa = PBXGroup;
			children = (
				82588643201AC75A0095A4A8 /* Model */,
				821D16D22016AA0C009EACBF /* Services */,
				8231FAC52013E01D005687E9 /* TV Triage */,
				8231FAC42013E01D005687E9 /* Products */,
				3EC0B3454176264F23575993 /* Pods */,
				AAC37642E561472A666734A6 /* Frameworks */,
			);
			sourceTree = "<group>";
		};
		8231FAC42013E01D005687E9 /* Products */ = {
			isa = PBXGroup;
			children = (
				8231FAC32013E01D005687E9 /* TV Triage.app */,
			);
			name = Products;
			sourceTree = "<group>";
		};
		8231FAC52013E01D005687E9 /* TV Triage */ = {
			isa = PBXGroup;
			children = (
				8231FAC62013E01D005687E9 /* AppDelegate.swift */,
				8231FAC82013E01D005687E9 /* ViewController.swift */,
				8231FACA2013E01D005687E9 /* Main.storyboard */,
				82588641201AB4C70095A4A8 /* Assets.xcassets */,
				82F73B7420228D660088A2A0 /* Model.xcdatamodeld */,
				8231FACF2013E01D005687E9 /* LaunchScreen.storyboard */,
				8231FAD22013E01D005687E9 /* Info.plist */,
			);
			path = "TV Triage";
			sourceTree = "<group>";
		};
		82588643201AC75A0095A4A8 /* Model */ = {
			isa = PBXGroup;
			children = (
				82588644201AC7770095A4A8 /* SearchField.swift */,
				82588646201AC84B0095A4A8 /* TV.swift */,
			);
			path = Model;
			sourceTree = "<group>";
		};
		AAC37642E561472A666734A6 /* Frameworks */ = {
			isa = PBXGroup;
			children = (
				E90535F936CB8F47FE7D5B2D /* Pods_TV_Triage.framework */,
			);
			name = Frameworks;
			sourceTree = "<group>";
		};
/* End PBXGroup section */

/* Begin PBXNativeTarget section */
		8231FAC22013E01D005687E9 /* TV Triage */ = {
			isa = PBXNativeTarget;
			buildConfigurationList = 8231FAD52013E01D005687E9 /* Build configuration list for PBXNativeTarget "TV Triage" */;
			buildPhases = (
				C52B7F7311E6502BDC5808BE /* [CP] Check Pods Manifest.lock */,
				8231FABF2013E01D005687E9 /* Sources */,
				8231FAC02013E01D005687E9 /* Frameworks */,
				8231FAC12013E01D005687E9 /* Resources */,
				F5FD4E89A6E8F0167EC1BBD9 /* [CP] Embed Pods Frameworks */,
				28C2029013AF751AD1F46015 /* [CP] Copy Pods Resources */,
			);
			buildRules = (
			);
			dependencies = (
			);
			name = "TV Triage";
			productName = "TV Triage";
			productReference = 8231FAC32013E01D005687E9 /* TV Triage.app */;
			productType = "com.apple.product-type.application";
		};
/* End PBXNativeTarget section */

/* Begin PBXProject section */
		8231FABB2013E01D005687E9 /* Project object */ = {
			isa = PBXProject;
			attributes = {
				LastSwiftUpdateCheck = 0900;
				LastUpgradeCheck = 0900;
				ORGANIZATIONNAME = "Tim Beemsterboer";
				TargetAttributes = {
					8231FAC22013E01D005687E9 = {
						CreatedOnToolsVersion = 9.0;
						ProvisioningStyle = Automatic;
					};
				};
			};
			buildConfigurationList = 8231FABE2013E01D005687E9 /* Build configuration list for PBXProject "TV Triage" */;
			compatibilityVersion = "Xcode 8.0";
			developmentRegion = en;
			hasScannedForEncodings = 0;
			knownRegions = (
				en,
				Base,
			);
			mainGroup = 8231FABA2013E01D005687E9;
			productRefGroup = 8231FAC42013E01D005687E9 /* Products */;
			projectDirPath = "";
			projectRoot = "";
			targets = (
				8231FAC22013E01D005687E9 /* TV Triage */,
			);
		};
/* End PBXProject section */

/* Begin PBXResourcesBuildPhase section */
		8231FAC12013E01D005687E9 /* Resources */ = {
			isa = PBXResourcesBuildPhase;
			buildActionMask = 2147483647;
			files = (
				8231FAD12013E01D005687E9 /* LaunchScreen.storyboard in Resources */,
				82588642201AB4C70095A4A8 /* Assets.xcassets in Resources */,
				8231FACC2013E01D005687E9 /* Main.storyboard in Resources */,
			);
			runOnlyForDeploymentPostprocessing = 0;
		};
/* End PBXResourcesBuildPhase section */

/* Begin PBXShellScriptBuildPhase section */
		28C2029013AF751AD1F46015 /* [CP] Copy Pods Resources */ = {
			isa = PBXShellScriptBuildPhase;
			buildActionMask = 2147483647;
			files = (
			);
			inputPaths = (
			);
			name = "[CP] Copy Pods Resources";
			outputPaths = (
			);
			runOnlyForDeploymentPostprocessing = 0;
			shellPath = /bin/sh;
			shellScript = "\"${SRCROOT}/Pods/Target Support Files/Pods-TV Triage/Pods-TV Triage-resources.sh\"\n";
			showEnvVarsInLog = 0;
		};
		C52B7F7311E6502BDC5808BE /* [CP] Check Pods Manifest.lock */ = {
			isa = PBXShellScriptBuildPhase;
			buildActionMask = 2147483647;
			files = (
			);
			inputPaths = (
			);
			name = "[CP] Check Pods Manifest.lock";
			outputPaths = (
			);
			runOnlyForDeploymentPostprocessing = 0;
			shellPath = /bin/sh;
			shellScript = "diff \"${PODS_ROOT}/../Podfile.lock\" \"${PODS_ROOT}/Manifest.lock\" > /dev/null\nif [ $? != 0 ] ; then\n    # print error to STDERR\n    echo \"error: The sandbox is not in sync with the Podfile.lock. Run 'pod install' or update your CocoaPods installation.\" >&2\n    exit 1\nfi\n";
			showEnvVarsInLog = 0;
		};
		F5FD4E89A6E8F0167EC1BBD9 /* [CP] Embed Pods Frameworks */ = {
			isa = PBXShellScriptBuildPhase;
			buildActionMask = 2147483647;
			files = (
			);
			inputPaths = (
			);
			name = "[CP] Embed Pods Frameworks";
			outputPaths = (
			);
			runOnlyForDeploymentPostprocessing = 0;
			shellPath = /bin/sh;
			shellScript = "\"${SRCROOT}/Pods/Target Support Files/Pods-TV Triage/Pods-TV Triage-frameworks.sh\"\n";
			showEnvVarsInLog = 0;
		};
/* End PBXShellScriptBuildPhase section */

/* Begin PBXSourcesBuildPhase section */
		8231FABF2013E01D005687E9 /* Sources */ = {
			isa = PBXSourcesBuildPhase;
			buildActionMask = 2147483647;
			files = (
				8231FAC92013E01D005687E9 /* ViewController.swift in Sources */,
				8231FAC72013E01D005687E9 /* AppDelegate.swift in Sources */,
				82588645201AC7770095A4A8 /* SearchField.swift in Sources */,
				82588647201AC84B0095A4A8 /* TV.swift in Sources */,
				821D16D42016AA3A009EACBF /* WebRequest1.swift in Sources */,
				82F73B7620228D660088A2A0 /* Model.xcdatamodeld in Sources */,
			);
			runOnlyForDeploymentPostprocessing = 0;
		};
/* End PBXSourcesBuildPhase section */

/* Begin PBXVariantGroup section */
		8231FACA2013E01D005687E9 /* Main.storyboard */ = {
			isa = PBXVariantGroup;
			children = (
				8231FACB2013E01D005687E9 /* Base */,
			);
			name = Main.storyboard;
			sourceTree = "<group>";
		};
		8231FACF2013E01D005687E9 /* LaunchScreen.storyboard */ = {
			isa = PBXVariantGroup;
			children = (
				8231FAD02013E01D005687E9 /* Base */,
			);
			name = LaunchScreen.storyboard;
			sourceTree = "<group>";
		};
/* End PBXVariantGroup section */

/* Begin XCBuildConfiguration section */
		8231FAD32013E01D005687E9 /* Debug */ = {
			isa = XCBuildConfiguration;
			buildSettings = {
				ALWAYS_SEARCH_USER_PATHS = NO;
				CLANG_ANALYZER_NONNULL = YES;
				CLANG_ANALYZER_NUMBER_OBJECT_CONVERSION = YES_AGGRESSIVE;
				CLANG_CXX_LANGUAGE_STANDARD = "gnu++14";
				CLANG_CXX_LIBRARY = "libc++";
				CLANG_ENABLE_MODULES = YES;
				CLANG_ENABLE_OBJC_ARC = YES;
				CLANG_WARN_BLOCK_CAPTURE_AUTORELEASING = YES;
				CLANG_WARN_BOOL_CONVERSION = YES;
				CLANG_WARN_COMMA = YES;
				CLANG_WARN_CONSTANT_CONVERSION = YES;
				CLANG_WARN_DIRECT_OBJC_ISA_USAGE = YES_ERROR;
				CLANG_WARN_DOCUMENTATION_COMMENTS = YES;
				CLANG_WARN_EMPTY_BODY = YES;
				CLANG_WARN_ENUM_CONVERSION = YES;
				CLANG_WARN_INFINITE_RECURSION = YES;
				CLANG_WARN_INT_CONVERSION = YES;
				CLANG_WARN_NON_LITERAL_NULL_CONVERSION = YES;
				CLANG_WARN_OBJC_LITERAL_CONVERSION = YES;
				CLANG_WARN_OBJC_ROOT_CLASS = YES_ERROR;
				CLANG_WARN_RANGE_LOOP_ANALYSIS = YES;
				CLANG_WARN_STRICT_PROTOTYPES = YES;
				CLANG_WARN_SUSPICIOUS_MOVE = YES;
				CLANG_WARN_UNGUARDED_AVAILABILITY = YES_AGGRESSIVE;
				CLANG_WARN_UNREACHABLE_CODE = YES;
				CLANG_WARN__DUPLICATE_METHOD_MATCH = YES;
				CODE_SIGN_IDENTITY = "iPhone Developer";
				COPY_PHASE_STRIP = NO;
				DEBUG_INFORMATION_FORMAT = dwarf;
				ENABLE_STRICT_OBJC_MSGSEND = YES;
				ENABLE_TESTABILITY = YES;
				GCC_C_LANGUAGE_STANDARD = gnu11;
				GCC_DYNAMIC_NO_PIC = NO;
				GCC_NO_COMMON_BLOCKS = YES;
				GCC_OPTIMIZATION_LEVEL = 0;
				GCC_PREPROCESSOR_DEFINITIONS = (
					"DEBUG=1",
					"$(inherited)",
				);
				GCC_WARN_64_TO_32_BIT_CONVERSION = YES;
				GCC_WARN_ABOUT_RETURN_TYPE = YES_ERROR;
				GCC_WARN_UNDECLARED_SELECTOR = YES;
				GCC_WARN_UNINITIALIZED_AUTOS = YES_AGGRESSIVE;
				GCC_WARN_UNUSED_FUNCTION = YES;
				GCC_WARN_UNUSED_VARIABLE = YES;
				IPHONEOS_DEPLOYMENT_TARGET = 11.0;
				MTL_ENABLE_DEBUG_INFO = YES;
				ONLY_ACTIVE_ARCH = YES;
				SDKROOT = iphoneos;
				SWIFT_ACTIVE_COMPILATION_CONDITIONS = DEBUG;
				SWIFT_OPTIMIZATION_LEVEL = "-Onone";
			};
			name = Debug;
		};
		8231FAD42013E01D005687E9 /* Release */ = {
			isa = XCBuildConfiguration;
			buildSettings = {
				ALWAYS_SEARCH_USER_PATHS = NO;
				CLANG_ANALYZER_NONNULL = YES;
				CLANG_ANALYZER_NUMBER_OBJECT_CONVERSION = YES_AGGRESSIVE;
				CLANG_CXX_LANGUAGE_STANDARD = "gnu++14";
				CLANG_CXX_LIBRARY = "libc++";
				CLANG_ENABLE_MODULES = YES;
				CLANG_ENABLE_OBJC_ARC = YES;
				CLANG_WARN_BLOCK_CAPTURE_AUTORELEASING = YES;
				CLANG_WARN_BOOL_CONVERSION = YES;
				CLANG_WARN_COMMA = YES;
				CLANG_WARN_CONSTANT_CONVERSION = YES;
				CLANG_WARN_DIRECT_OBJC_ISA_USAGE = YES_ERROR;
				CLANG_WARN_DOCUMENTATION_COMMENTS = YES;
				CLANG_WARN_EMPTY_BODY = YES;
				CLANG_WARN_ENUM_CONVERSION = YES;
				CLANG_WARN_INFINITE_RECURSION = YES;
				CLANG_WARN_INT_CONVERSION = YES;
				CLANG_WARN_NON_LITERAL_NULL_CONVERSION = YES;
				CLANG_WARN_OBJC_LITERAL_CONVERSION = YES;
				CLANG_WARN_OBJC_ROOT_CLASS = YES_ERROR;
				CLANG_WARN_RANGE_LOOP_ANALYSIS = YES;
				CLANG_WARN_STRICT_PROTOTYPES = YES;
				CLANG_WARN_SUSPICIOUS_MOVE = YES;
				CLANG_WARN_UNGUARDED_AVAILABILITY = YES_AGGRESSIVE;
				CLANG_WARN_UNREACHABLE_CODE = YES;
				CLANG_WARN__DUPLICATE_METHOD_MATCH = YES;
				CODE_SIGN_IDENTITY = "iPhone Developer";
				COPY_PHASE_STRIP = NO;
				DEBUG_INFORMATION_FORMAT = "dwarf-with-dsym";
				ENABLE_NS_ASSERTIONS = NO;
				ENABLE_STRICT_OBJC_MSGSEND = YES;
				GCC_C_LANGUAGE_STANDARD = gnu11;
				GCC_NO_COMMON_BLOCKS = YES;
				GCC_WARN_64_TO_32_BIT_CONVERSION = YES;
				GCC_WARN_ABOUT_RETURN_TYPE = YES_ERROR;
				GCC_WARN_UNDECLARED_SELECTOR = YES;
				GCC_WARN_UNINITIALIZED_AUTOS = YES_AGGRESSIVE;
				GCC_WARN_UNUSED_FUNCTION = YES;
				GCC_WARN_UNUSED_VARIABLE = YES;
				IPHONEOS_DEPLOYMENT_TARGET = 11.0;
				MTL_ENABLE_DEBUG_INFO = NO;
				SDKROOT = iphoneos;
				SWIFT_OPTIMIZATION_LEVEL = "-Owholemodule";
				VALIDATE_PRODUCT = YES;
			};
			name = Release;
		};
		8231FAD62013E01D005687E9 /* Debug */ = {
			isa = XCBuildConfiguration;
			baseConfigurationReference = BAE44698B90AEC0C926EE4C1 /* Pods-TV Triage.debug.xcconfig */;
			buildSettings = {
				ASSETCATALOG_COMPILER_APPICON_NAME = AppIcon;
				CODE_SIGN_STYLE = Automatic;
				DEVELOPMENT_TEAM = "";
				INFOPLIST_FILE = "TV Triage/Info.plist";
				LD_RUNPATH_SEARCH_PATHS = "$(inherited) @executable_path/Frameworks";
				PRODUCT_BUNDLE_IDENTIFIER = "com.timBeem.TV-Triage";
				PRODUCT_NAME = "$(TARGET_NAME)";
				SWIFT_VERSION = 4.0;
				TARGETED_DEVICE_FAMILY = "1,2";
			};
			name = Debug;
		};
		8231FAD72013E01D005687E9 /* Release */ = {
			isa = XCBuildConfiguration;
			baseConfigurationReference = 68BCF0F90BF95005F99501B8 /* Pods-TV Triage.release.xcconfig */;
			buildSettings = {
				ASSETCATALOG_COMPILER_APPICON_NAME = AppIcon;
				CODE_SIGN_STYLE = Automatic;
				DEVELOPMENT_TEAM = "";
				INFOPLIST_FILE = "TV Triage/Info.plist";
				LD_RUNPATH_SEARCH_PATHS = "$(inherited) @executable_path/Frameworks";
				PRODUCT_BUNDLE_IDENTIFIER = "com.timBeem.TV-Triage";
				PRODUCT_NAME = "$(TARGET_NAME)";
				SWIFT_VERSION = 4.0;
				TARGETED_DEVICE_FAMILY = "1,2";
			};
			name = Release;
		};
/* End XCBuildConfiguration section */

/* Begin XCConfigurationList section */
		8231FABE2013E01D005687E9 /* Build configuration list for PBXProject "TV Triage" */ = {
			isa = XCConfigurationList;
			buildConfigurations = (
				8231FAD32013E01D005687E9 /* Debug */,
				8231FAD42013E01D005687E9 /* Release */,
			);
			defaultConfigurationIsVisible = 0;
			defaultConfigurationName = Release;
		};
		8231FAD52013E01D005687E9 /* Build configuration list for PBXNativeTarget "TV Triage" */ = {
			isa = XCConfigurationList;
			buildConfigurations = (
				8231FAD62013E01D005687E9 /* Debug */,
				8231FAD72013E01D005687E9 /* Release */,
			);
			defaultConfigurationIsVisible = 0;
			defaultConfigurationName = Release;
		};
/* End XCConfigurationList section */

/* Begin XCVersionGroup section */
		82F73B7420228D660088A2A0 /* Model.xcdatamodeld */ = {
			isa = XCVersionGroup;
			children = (
				82F73B7520228D660088A2A0 /* Model.xcdatamodel */,
			);
			currentVersion = 82F73B7520228D660088A2A0 /* Model.xcdatamodel */;
			path = Model.xcdatamodeld;
			sourceTree = "<group>";
			versionGroupType = wrapper.xcdatamodel;
		};
/* End XCVersionGroup section */
	};
	rootObject = 8231FABB2013E01D005687E9 /* Project object */;
}
